
Microsoft Visual Studio Solution File, Format Version 12.00
# Visual Studio 14
VisualStudioVersion = 14.0.25420.1
MinimumVisualStudioVersion = 10.0.40219.1
Project("{FAE04EC0-301F-11D3-BF4B-00C04F79EFBC}") = "MyClass", "MyClass\MyClass.csproj", "{F2645F7F-6B8D-45D4-9106-305441799890}"
EndProject
Project("{FAE04EC0-301F-11D3-BF4B-00C04F79EFBC}") = "MyClient", "MyClient\MyClient.csproj", "{D582DB02-0F33-42EE-8AB8-2EE8A733AE5A}"
EndProject
Global
	GlobalSection(SolutionConfigurationPlatforms) = preSolution
		Debug|Any CPU = Debug|Any CPU
		Release|Any CPU = Release|Any CPU
	EndGlobalSection
	GlobalSection(ProjectConfigurationPlatforms) = postSolution
		{F2645F7F-6B8D-45D4-9106-305441799890}.Debug|Any CPU.ActiveCfg = Debug|Any CPU
		{F2645F7F-6B8D-45D4-9106-305441799890}.Debug|Any CPU.Build.0 = Debug|Any CPU
		{F2645F7F-6B8D-45D4-9106-305441799890}.Release|Any CPU.ActiveCfg = Release|Any CPU
		{F2645F7F-6B8D-45D4-9106-305441799890}.Release|Any CPU.Build.0 = Release|Any CPU
		{D582DB02-0F33-42EE-8AB8-2EE8A733AE5A}.Debug|Any CPU.ActiveCfg = Debug|Any CPU
		{D582DB02-0F33-42EE-8AB8-2EE8A733AE5A}.Debug|Any CPU.Build.0 = Debug|Any CPU
		{D582DB02-0F33-42EE-8AB8-2EE8A733AE5A}.Release|Any CPU.ActiveCfg = Release|Any CPU
		{D582DB02-0F33-42EE-8AB8-2EE8A733AE5A}.Release|Any CPU.Build.0 = Release|Any CPU
	EndGlobalSection
	GlobalSection(SolutionProperties) = preSolution
		HideSolutionNode = FALSE
	EndGlobalSection
EndGlobal
